
Microsoft Visual Studio Solution File, Format Version 12.00
# Visual Studio Version 17
VisualStudioVersion = 17.5.33530.505
MinimumVisualStudioVersion = 10.0.40219.1
Project("{FAE04EC0-301F-11D3-BF4B-00C04F79EFBC}") = "SAP2000_Plugin", "SAP2000_Plugin\SAP2000_Plugin.csproj", "{4404C28E-349F-466B-9AED-043558338137}"
EndProject
Global
	GlobalSection(SolutionConfigurationPlatforms) = preSolution
		Debug|Any CPU = Debug|Any CPU
		Release|Any CPU = Release|Any CPU
	EndGlobalSection
	GlobalSection(ProjectConfigurationPlatforms) = postSolution
		{4404C28E-349F-466B-9AED-043558338137}.Debug|Any CPU.ActiveCfg = Debug|Any CPU
		{4404C28E-349F-466B-9AED-043558338137}.Debug|Any CPU.Build.0 = Debug|Any CPU
		{4404C28E-349F-466B-9AED-043558338137}.Release|Any CPU.ActiveCfg = Release|Any CPU
		{4404C28E-349F-466B-9AED-043558338137}.Release|Any CPU.Build.0 = Release|Any CPU
	EndGlobalSection
	GlobalSection(SolutionProperties) = preSolution
		HideSolutionNode = FALSE
	EndGlobalSection
	GlobalSection(ExtensibilityGlobals) = postSolution
		SolutionGuid = {0E492B88-2589-4CA1-878A-689DEB904254}
	EndGlobalSection
EndGlobal
